
Microsoft Visual Studio Solution File, Format Version 12.00
# Visual Studio Version 16
VisualStudioVersion = 16.0.29123.88
MinimumVisualStudioVersion = 10.0.40219.1
Project("{9A19103F-16F7-4668-BE54-9A1E7A4F7556}") = "FortuneRegistry.Api", "FortuneRegistry.Api\FortuneRegistry.Api.csproj", "{826B6406-9A72-4B4A-ACE6-C26197B96E80}"
EndProject
Project("{9A19103F-16F7-4668-BE54-9A1E7A4F7556}") = "FortuneRegistry.Shared", "FortuneRegistry.Shared\FortuneRegistry.Shared.csproj", "{DE4264BD-381E-41CE-825B-BD1B6BD84665}"
EndProject
Project("{FAE04EC0-301F-11D3-BF4B-00C04F79EFBC}") = "FortuneRegistry.Core", "FortuneRegistry.Core\FortuneRegistry.Core.csproj", "{D389C5EA-9392-4E3C-8E9A-23978DFDAA41}"
EndProject
Project("{FAE04EC0-301F-11D3-BF4B-00C04F79EFBC}") = "FortuneRegistry.Persistence", "FortuneRegistry.Persistence\FortuneRegistry.Persistence.csproj", "{57C46102-7315-408E-8F98-E789C4BFE54E}"
EndProject
Project("{FAE04EC0-301F-11D3-BF4B-00C04F79EFBC}") = "FortuneRegistry.Android", "FortuneRegistry.Android\FortuneRegistry.Android.csproj", "{27FC8BC5-8F27-4152-8CEE-CE90FB26BB96}"
EndProject
Project("{FAE04EC0-301F-11D3-BF4B-00C04F79EFBC}") = "FortuneRegistry.XamarinForms.Android", "FortuneRegistry.XamarinForms.Android\FortuneRegistry.XamarinForms.Android.csproj", "{0659FFA0-E3DF-4292-8D61-17446A6C19FC}"
EndProject
Project("{FAE04EC0-301F-11D3-BF4B-00C04F79EFBC}") = "FortuneRegistry.XamarinForms.iOS", "FortuneRegistry.XamarinForms.iOS\FortuneRegistry.XamarinForms.iOS.csproj", "{22984937-BABF-47F2-8D09-F8787E84A418}"
EndProject
Project("{FAE04EC0-301F-11D3-BF4B-00C04F79EFBC}") = "FortuneRegistry.XamarinForms", "FortuneRegistry.XamarinForms\FortuneRegistry.XamarinForms.csproj", "{BFE98122-F7A8-427C-BBA0-959A123A8035}"
EndProject
Global
	GlobalSection(SolutionConfigurationPlatforms) = preSolution
		Debug|Any CPU = Debug|Any CPU
		Release|Any CPU = Release|Any CPU
		Debug|iPhoneSimulator = Debug|iPhoneSimulator
		Release|iPhoneSimulator = Release|iPhoneSimulator
		Debug|iPhone = Debug|iPhone
		Release|iPhone = Release|iPhone
	EndGlobalSection
	GlobalSection(ProjectConfigurationPlatforms) = postSolution
		{826B6406-9A72-4B4A-ACE6-C26197B96E80}.Debug|Any CPU.ActiveCfg = Debug|Any CPU
		{826B6406-9A72-4B4A-ACE6-C26197B96E80}.Debug|Any CPU.Build.0 = Debug|Any CPU
		{826B6406-9A72-4B4A-ACE6-C26197B96E80}.Release|Any CPU.ActiveCfg = Release|Any CPU
		{826B6406-9A72-4B4A-ACE6-C26197B96E80}.Release|Any CPU.Build.0 = Release|Any CPU
		{826B6406-9A72-4B4A-ACE6-C26197B96E80}.Debug|iPhoneSimulator.ActiveCfg = Debug|Any CPU
		{826B6406-9A72-4B4A-ACE6-C26197B96E80}.Debug|iPhoneSimulator.Build.0 = Debug|Any CPU
		{826B6406-9A72-4B4A-ACE6-C26197B96E80}.Release|iPhoneSimulator.ActiveCfg = Release|Any CPU
		{826B6406-9A72-4B4A-ACE6-C26197B96E80}.Release|iPhoneSimulator.Build.0 = Release|Any CPU
		{826B6406-9A72-4B4A-ACE6-C26197B96E80}.Debug|iPhone.ActiveCfg = Debug|Any CPU
		{826B6406-9A72-4B4A-ACE6-C26197B96E80}.Debug|iPhone.Build.0 = Debug|Any CPU
		{826B6406-9A72-4B4A-ACE6-C26197B96E80}.Release|iPhone.ActiveCfg = Release|Any CPU
		{826B6406-9A72-4B4A-ACE6-C26197B96E80}.Release|iPhone.Build.0 = Release|Any CPU
		{DE4264BD-381E-41CE-825B-BD1B6BD84665}.Debug|Any CPU.ActiveCfg = Debug|Any CPU
		{DE4264BD-381E-41CE-825B-BD1B6BD84665}.Debug|Any CPU.Build.0 = Debug|Any CPU
		{DE4264BD-381E-41CE-825B-BD1B6BD84665}.Release|Any CPU.ActiveCfg = Release|Any CPU
		{DE4264BD-381E-41CE-825B-BD1B6BD84665}.Release|Any CPU.Build.0 = Release|Any CPU
		{DE4264BD-381E-41CE-825B-BD1B6BD84665}.Debug|iPhoneSimulator.ActiveCfg = Debug|Any CPU
		{DE4264BD-381E-41CE-825B-BD1B6BD84665}.Debug|iPhoneSimulator.Build.0 = Debug|Any CPU
		{DE4264BD-381E-41CE-825B-BD1B6BD84665}.Release|iPhoneSimulator.ActiveCfg = Release|Any CPU
		{DE4264BD-381E-41CE-825B-BD1B6BD84665}.Release|iPhoneSimulator.Build.0 = Release|Any CPU
		{DE4264BD-381E-41CE-825B-BD1B6BD84665}.Debug|iPhone.ActiveCfg = Debug|Any CPU
		{DE4264BD-381E-41CE-825B-BD1B6BD84665}.Debug|iPhone.Build.0 = Debug|Any CPU
		{DE4264BD-381E-41CE-825B-BD1B6BD84665}.Release|iPhone.ActiveCfg = Release|Any CPU
		{DE4264BD-381E-41CE-825B-BD1B6BD84665}.Release|iPhone.Build.0 = Release|Any CPU
		{D389C5EA-9392-4E3C-8E9A-23978DFDAA41}.Debug|Any CPU.ActiveCfg = Debug|Any CPU
		{D389C5EA-9392-4E3C-8E9A-23978DFDAA41}.Debug|Any CPU.Build.0 = Debug|Any CPU
		{D389C5EA-9392-4E3C-8E9A-23978DFDAA41}.Release|Any CPU.ActiveCfg = Release|Any CPU
		{D389C5EA-9392-4E3C-8E9A-23978DFDAA41}.Release|Any CPU.Build.0 = Release|Any CPU
		{D389C5EA-9392-4E3C-8E9A-23978DFDAA41}.Debug|iPhoneSimulator.ActiveCfg = Debug|Any CPU
		{D389C5EA-9392-4E3C-8E9A-23978DFDAA41}.Debug|iPhoneSimulator.Build.0 = Debug|Any CPU
		{D389C5EA-9392-4E3C-8E9A-23978DFDAA41}.Release|iPhoneSimulator.ActiveCfg = Release|Any CPU
		{D389C5EA-9392-4E3C-8E9A-23978DFDAA41}.Release|iPhoneSimulator.Build.0 = Release|Any CPU
		{D389C5EA-9392-4E3C-8E9A-23978DFDAA41}.Debug|iPhone.ActiveCfg = Debug|Any CPU
		{D389C5EA-9392-4E3C-8E9A-23978DFDAA41}.Debug|iPhone.Build.0 = Debug|Any CPU
		{D389C5EA-9392-4E3C-8E9A-23978DFDAA41}.Release|iPhone.ActiveCfg = Release|Any CPU
		{D389C5EA-9392-4E3C-8E9A-23978DFDAA41}.Release|iPhone.Build.0 = Release|Any CPU
		{57C46102-7315-408E-8F98-E789C4BFE54E}.Debug|Any CPU.ActiveCfg = Debug|Any CPU
		{57C46102-7315-408E-8F98-E789C4BFE54E}.Debug|Any CPU.Build.0 = Debug|Any CPU
		{57C46102-7315-408E-8F98-E789C4BFE54E}.Release|Any CPU.ActiveCfg = Release|Any CPU
		{57C46102-7315-408E-8F98-E789C4BFE54E}.Release|Any CPU.Build.0 = Release|Any CPU
		{57C46102-7315-408E-8F98-E789C4BFE54E}.Debug|iPhoneSimulator.ActiveCfg = Debug|Any CPU
		{57C46102-7315-408E-8F98-E789C4BFE54E}.Debug|iPhoneSimulator.Build.0 = Debug|Any CPU
		{57C46102-7315-408E-8F98-E789C4BFE54E}.Release|iPhoneSimulator.ActiveCfg = Release|Any CPU
		{57C46102-7315-408E-8F98-E789C4BFE54E}.Release|iPhoneSimulator.Build.0 = Release|Any CPU
		{57C46102-7315-408E-8F98-E789C4BFE54E}.Debug|iPhone.ActiveCfg = Debug|Any CPU
		{57C46102-7315-408E-8F98-E789C4BFE54E}.Debug|iPhone.Build.0 = Debug|Any CPU
		{57C46102-7315-408E-8F98-E789C4BFE54E}.Release|iPhone.ActiveCfg = Release|Any CPU
		{57C46102-7315-408E-8F98-E789C4BFE54E}.Release|iPhone.Build.0 = Release|Any CPU
		{27FC8BC5-8F27-4152-8CEE-CE90FB26BB96}.Debug|Any CPU.ActiveCfg = Debug|Any CPU
		{27FC8BC5-8F27-4152-8CEE-CE90FB26BB96}.Debug|Any CPU.Build.0 = Debug|Any CPU
		{27FC8BC5-8F27-4152-8CEE-CE90FB26BB96}.Release|Any CPU.ActiveCfg = Release|Any CPU
		{27FC8BC5-8F27-4152-8CEE-CE90FB26BB96}.Release|Any CPU.Build.0 = Release|Any CPU
		{27FC8BC5-8F27-4152-8CEE-CE90FB26BB96}.Debug|iPhoneSimulator.ActiveCfg = Debug|Any CPU
		{27FC8BC5-8F27-4152-8CEE-CE90FB26BB96}.Debug|iPhoneSimulator.Build.0 = Debug|Any CPU
		{27FC8BC5-8F27-4152-8CEE-CE90FB26BB96}.Release|iPhoneSimulator.ActiveCfg = Release|Any CPU
		{27FC8BC5-8F27-4152-8CEE-CE90FB26BB96}.Release|iPhoneSimulator.Build.0 = Release|Any CPU
		{27FC8BC5-8F27-4152-8CEE-CE90FB26BB96}.Debug|iPhone.ActiveCfg = Debug|Any CPU
		{27FC8BC5-8F27-4152-8CEE-CE90FB26BB96}.Debug|iPhone.Build.0 = Debug|Any CPU
		{27FC8BC5-8F27-4152-8CEE-CE90FB26BB96}.Release|iPhone.ActiveCfg = Release|Any CPU
		{27FC8BC5-8F27-4152-8CEE-CE90FB26BB96}.Release|iPhone.Build.0 = Release|Any CPU
		{0659FFA0-E3DF-4292-8D61-17446A6C19FC}.Debug|Any CPU.ActiveCfg = Debug|Any CPU
		{0659FFA0-E3DF-4292-8D61-17446A6C19FC}.Debug|Any CPU.Build.0 = Debug|Any CPU
		{0659FFA0-E3DF-4292-8D61-17446A6C19FC}.Release|Any CPU.ActiveCfg = Release|Any CPU
		{0659FFA0-E3DF-4292-8D61-17446A6C19FC}.Release|Any CPU.Build.0 = Release|Any CPU
		{0659FFA0-E3DF-4292-8D61-17446A6C19FC}.Debug|iPhoneSimulator.ActiveCfg = Debug|Any CPU
		{0659FFA0-E3DF-4292-8D61-17446A6C19FC}.Debug|iPhoneSimulator.Build.0 = Debug|Any CPU
		{0659FFA0-E3DF-4292-8D61-17446A6C19FC}.Release|iPhoneSimulator.ActiveCfg = Release|Any CPU
		{0659FFA0-E3DF-4292-8D61-17446A6C19FC}.Release|iPhoneSimulator.Build.0 = Release|Any CPU
		{0659FFA0-E3DF-4292-8D61-17446A6C19FC}.Debug|iPhone.ActiveCfg = Debug|Any CPU
		{0659FFA0-E3DF-4292-8D61-17446A6C19FC}.Debug|iPhone.Build.0 = Debug|Any CPU
		{0659FFA0-E3DF-4292-8D61-17446A6C19FC}.Release|iPhone.ActiveCfg = Release|Any CPU
		{0659FFA0-E3DF-4292-8D61-17446A6C19FC}.Release|iPhone.Build.0 = Release|Any CPU
		{22984937-BABF-47F2-8D09-F8787E84A418}.Debug|Any CPU.ActiveCfg = Debug|iPhoneSimulator
		{22984937-BABF-47F2-8D09-F8787E84A418}.Debug|Any CPU.Build.0 = Debug|iPhoneSimulator
		{22984937-BABF-47F2-8D09-F8787E84A418}.Release|Any CPU.ActiveCfg = Release|iPhoneSimulator
		{22984937-BABF-47F2-8D09-F8787E84A418}.Release|Any CPU.Build.0 = Release|iPhoneSimulator
		{22984937-BABF-47F2-8D09-F8787E84A418}.Debug|iPhoneSimulator.ActiveCfg = Debug|iPhoneSimulator
		{22984937-BABF-47F2-8D09-F8787E84A418}.Debug|iPhoneSimulator.Build.0 = Debug|iPhoneSimulator
		{22984937-BABF-47F2-8D09-F8787E84A418}.Release|iPhoneSimulator.ActiveCfg = Release|iPhoneSimulator
		{22984937-BABF-47F2-8D09-F8787E84A418}.Release|iPhoneSimulator.Build.0 = Release|iPhoneSimulator
		{22984937-BABF-47F2-8D09-F8787E84A418}.Debug|iPhone.ActiveCfg = Debug|iPhone
		{22984937-BABF-47F2-8D09-F8787E84A418}.Debug|iPhone.Build.0 = Debug|iPhone
		{22984937-BABF-47F2-8D09-F8787E84A418}.Release|iPhone.ActiveCfg = Release|iPhone
		{22984937-BABF-47F2-8D09-F8787E84A418}.Release|iPhone.Build.0 = Release|iPhone
		{BFE98122-F7A8-427C-BBA0-959A123A8035}.Debug|Any CPU.ActiveCfg = Debug|Any CPU
		{BFE98122-F7A8-427C-BBA0-959A123A8035}.Debug|Any CPU.Build.0 = Debug|Any CPU
		{BFE98122-F7A8-427C-BBA0-959A123A8035}.Release|Any CPU.ActiveCfg = Release|Any CPU
		{BFE98122-F7A8-427C-BBA0-959A123A8035}.Release|Any CPU.Build.0 = Release|Any CPU
		{BFE98122-F7A8-427C-BBA0-959A123A8035}.Debug|iPhoneSimulator.ActiveCfg = Debug|Any CPU
		{BFE98122-F7A8-427C-BBA0-959A123A8035}.Debug|iPhoneSimulator.Build.0 = Debug|Any CPU
		{BFE98122-F7A8-427C-BBA0-959A123A8035}.Release|iPhoneSimulator.ActiveCfg = Release|Any CPU
		{BFE98122-F7A8-427C-BBA0-959A123A8035}.Release|iPhoneSimulator.Build.0 = Release|Any CPU
		{BFE98122-F7A8-427C-BBA0-959A123A8035}.Debug|iPhone.ActiveCfg = Debug|Any CPU
		{BFE98122-F7A8-427C-BBA0-959A123A8035}.Debug|iPhone.Build.0 = Debug|Any CPU
		{BFE98122-F7A8-427C-BBA0-959A123A8035}.Release|iPhone.ActiveCfg = Release|Any CPU
		{BFE98122-F7A8-427C-BBA0-959A123A8035}.Release|iPhone.Build.0 = Release|Any CPU
	EndGlobalSection
	GlobalSection(SolutionProperties) = preSolution
		HideSolutionNode = FALSE
	EndGlobalSection
	GlobalSection(ExtensibilityGlobals) = postSolution
		SolutionGuid = {4DC11FF5-75B7-444B-806C-D31BA894DF67}
	EndGlobalSection
EndGlobal
