
Microsoft Visual Studio Solution File, Format Version 12.00
# Visual Studio Version 16
VisualStudioVersion = 16.0.29123.88
MinimumVisualStudioVersion = 10.0.40219.1
Project("{9A19103F-16F7-4668-BE54-9A1E7A4F7556}") = "FortuneRegistry.Api", "FortuneRegistry.Api\FortuneRegistry.Api.csproj", "{826B6406-9A72-4B4A-ACE6-C26197B96E80}"
EndProject
Project("{9A19103F-16F7-4668-BE54-9A1E7A4F7556}") = "FortuneRegistry.Shared", "FortuneRegistry.Shared\FortuneRegistry.Shared.csproj", "{DE4264BD-381E-41CE-825B-BD1B6BD84665}"
EndProject
Project("{9A19103F-16F7-4668-BE54-9A1E7A4F7556}") = "FortuneRegistry.Core", "FortuneRegistry.Core\FortuneRegistry.Core.csproj", "{D389C5EA-9392-4E3C-8E9A-23978DFDAA41}"
EndProject
Project("{9A19103F-16F7-4668-BE54-9A1E7A4F7556}") = "FortuneRegistry.Persistence", "FortuneRegistry.Persistence\FortuneRegistry.Persistence.csproj", "{57C46102-7315-408E-8F98-E789C4BFE54E}"
EndProject
Project("{FAE04EC0-301F-11D3-BF4B-00C04F79EFBC}") = "FortuneRegistry.Android", "FortuneRegistry.Android\FortuneRegistry.Android.csproj", "{27FC8BC5-8F27-4152-8CEE-CE90FB26BB96}"
EndProject
Project("{2150E333-8FDC-42A3-9474-1A3956D46DE8}") = "Clients", "Clients", "{98E55F63-2BE3-4942-BBAF-47163814C9CD}"
EndProject
Project("{FAE04EC0-301F-11D3-BF4B-00C04F79EFBC}") = "FortuneRegistry.IOS", "FortuneRegistry.IOS\FortuneRegistry.IOS.csproj", "{FF3B4613-DD05-47A6-AFC0-D88772F5C834}"
EndProject
Project("{9A19103F-16F7-4668-BE54-9A1E7A4F7556}") = "FortuneRegistry.Shared.Mobile", "FortuneRegistry.Shared.Mobile\FortuneRegistry.Shared.Mobile.csproj", "{93773995-A197-4C92-8420-4B82A6844759}"
EndProject
Project("{2150E333-8FDC-42A3-9474-1A3956D46DE8}") = "XF", "XF", "{2EFF75A3-5ADF-419E-A993-6896B79C1276}"
EndProject
Project("{FAE04EC0-301F-11D3-BF4B-00C04F79EFBC}") = "FortuneRegistry.XF.Android", "FortuneRegistry.XF\FortuneRegistry.XF.Android\FortuneRegistry.XF.Android.csproj", "{088645A7-12B0-4BFA-B90C-1B2141CD8613}"
EndProject
Project("{FAE04EC0-301F-11D3-BF4B-00C04F79EFBC}") = "FortuneRegistry.XF.iOS", "FortuneRegistry.XF\FortuneRegistry.XF.iOS\FortuneRegistry.XF.iOS.csproj", "{2516FD28-9437-4CC0-B479-7B3553285AE9}"
EndProject
Project("{FAE04EC0-301F-11D3-BF4B-00C04F79EFBC}") = "FortuneRegistry.XF", "FortuneRegistry.XF\FortuneRegistry.XF\FortuneRegistry.XF.csproj", "{9D74076F-2C2E-42DE-BD47-804DA5A903AA}"
EndProject
Project("{FAE04EC0-301F-11D3-BF4B-00C04F79EFBC}") = "FortuneRegistry.Bwasm", "FortuneRegistry.Bwasm\FortuneRegistry.Bwasm.csproj", "{DD769E84-FC54-49CE-AF52-7A1DEE4816C2}"
EndProject
Global
	GlobalSection(SolutionConfigurationPlatforms) = preSolution
		Debug|Any CPU = Debug|Any CPU
		Debug|iPhone = Debug|iPhone
		Debug|iPhoneSimulator = Debug|iPhoneSimulator
		Release|Any CPU = Release|Any CPU
		Release|iPhone = Release|iPhone
		Release|iPhoneSimulator = Release|iPhoneSimulator
	EndGlobalSection
	GlobalSection(ProjectConfigurationPlatforms) = postSolution
		{826B6406-9A72-4B4A-ACE6-C26197B96E80}.Debug|Any CPU.ActiveCfg = Debug|Any CPU
		{826B6406-9A72-4B4A-ACE6-C26197B96E80}.Debug|Any CPU.Build.0 = Debug|Any CPU
		{826B6406-9A72-4B4A-ACE6-C26197B96E80}.Debug|iPhone.ActiveCfg = Debug|Any CPU
		{826B6406-9A72-4B4A-ACE6-C26197B96E80}.Debug|iPhone.Build.0 = Debug|Any CPU
		{826B6406-9A72-4B4A-ACE6-C26197B96E80}.Debug|iPhoneSimulator.ActiveCfg = Debug|Any CPU
		{826B6406-9A72-4B4A-ACE6-C26197B96E80}.Debug|iPhoneSimulator.Build.0 = Debug|Any CPU
		{826B6406-9A72-4B4A-ACE6-C26197B96E80}.Release|Any CPU.ActiveCfg = Release|Any CPU
		{826B6406-9A72-4B4A-ACE6-C26197B96E80}.Release|Any CPU.Build.0 = Release|Any CPU
		{826B6406-9A72-4B4A-ACE6-C26197B96E80}.Release|iPhone.ActiveCfg = Release|Any CPU
		{826B6406-9A72-4B4A-ACE6-C26197B96E80}.Release|iPhone.Build.0 = Release|Any CPU
		{826B6406-9A72-4B4A-ACE6-C26197B96E80}.Release|iPhoneSimulator.ActiveCfg = Release|Any CPU
		{826B6406-9A72-4B4A-ACE6-C26197B96E80}.Release|iPhoneSimulator.Build.0 = Release|Any CPU
		{DE4264BD-381E-41CE-825B-BD1B6BD84665}.Debug|Any CPU.ActiveCfg = Debug|Any CPU
		{DE4264BD-381E-41CE-825B-BD1B6BD84665}.Debug|Any CPU.Build.0 = Debug|Any CPU
		{DE4264BD-381E-41CE-825B-BD1B6BD84665}.Debug|iPhone.ActiveCfg = Debug|Any CPU
		{DE4264BD-381E-41CE-825B-BD1B6BD84665}.Debug|iPhone.Build.0 = Debug|Any CPU
		{DE4264BD-381E-41CE-825B-BD1B6BD84665}.Debug|iPhoneSimulator.ActiveCfg = Debug|Any CPU
		{DE4264BD-381E-41CE-825B-BD1B6BD84665}.Debug|iPhoneSimulator.Build.0 = Debug|Any CPU
		{DE4264BD-381E-41CE-825B-BD1B6BD84665}.Release|Any CPU.ActiveCfg = Release|Any CPU
		{DE4264BD-381E-41CE-825B-BD1B6BD84665}.Release|Any CPU.Build.0 = Release|Any CPU
		{DE4264BD-381E-41CE-825B-BD1B6BD84665}.Release|iPhone.ActiveCfg = Release|Any CPU
		{DE4264BD-381E-41CE-825B-BD1B6BD84665}.Release|iPhone.Build.0 = Release|Any CPU
		{DE4264BD-381E-41CE-825B-BD1B6BD84665}.Release|iPhoneSimulator.ActiveCfg = Release|Any CPU
		{DE4264BD-381E-41CE-825B-BD1B6BD84665}.Release|iPhoneSimulator.Build.0 = Release|Any CPU
		{D389C5EA-9392-4E3C-8E9A-23978DFDAA41}.Debug|Any CPU.ActiveCfg = Debug|Any CPU
		{D389C5EA-9392-4E3C-8E9A-23978DFDAA41}.Debug|Any CPU.Build.0 = Debug|Any CPU
		{D389C5EA-9392-4E3C-8E9A-23978DFDAA41}.Debug|iPhone.ActiveCfg = Debug|Any CPU
		{D389C5EA-9392-4E3C-8E9A-23978DFDAA41}.Debug|iPhone.Build.0 = Debug|Any CPU
		{D389C5EA-9392-4E3C-8E9A-23978DFDAA41}.Debug|iPhoneSimulator.ActiveCfg = Debug|Any CPU
		{D389C5EA-9392-4E3C-8E9A-23978DFDAA41}.Debug|iPhoneSimulator.Build.0 = Debug|Any CPU
		{D389C5EA-9392-4E3C-8E9A-23978DFDAA41}.Release|Any CPU.ActiveCfg = Release|Any CPU
		{D389C5EA-9392-4E3C-8E9A-23978DFDAA41}.Release|Any CPU.Build.0 = Release|Any CPU
		{D389C5EA-9392-4E3C-8E9A-23978DFDAA41}.Release|iPhone.ActiveCfg = Release|Any CPU
		{D389C5EA-9392-4E3C-8E9A-23978DFDAA41}.Release|iPhone.Build.0 = Release|Any CPU
		{D389C5EA-9392-4E3C-8E9A-23978DFDAA41}.Release|iPhoneSimulator.ActiveCfg = Release|Any CPU
		{D389C5EA-9392-4E3C-8E9A-23978DFDAA41}.Release|iPhoneSimulator.Build.0 = Release|Any CPU
		{57C46102-7315-408E-8F98-E789C4BFE54E}.Debug|Any CPU.ActiveCfg = Debug|Any CPU
		{57C46102-7315-408E-8F98-E789C4BFE54E}.Debug|Any CPU.Build.0 = Debug|Any CPU
		{57C46102-7315-408E-8F98-E789C4BFE54E}.Debug|iPhone.ActiveCfg = Debug|Any CPU
		{57C46102-7315-408E-8F98-E789C4BFE54E}.Debug|iPhone.Build.0 = Debug|Any CPU
		{57C46102-7315-408E-8F98-E789C4BFE54E}.Debug|iPhoneSimulator.ActiveCfg = Debug|Any CPU
		{57C46102-7315-408E-8F98-E789C4BFE54E}.Debug|iPhoneSimulator.Build.0 = Debug|Any CPU
		{57C46102-7315-408E-8F98-E789C4BFE54E}.Release|Any CPU.ActiveCfg = Release|Any CPU
		{57C46102-7315-408E-8F98-E789C4BFE54E}.Release|Any CPU.Build.0 = Release|Any CPU
		{57C46102-7315-408E-8F98-E789C4BFE54E}.Release|iPhone.ActiveCfg = Release|Any CPU
		{57C46102-7315-408E-8F98-E789C4BFE54E}.Release|iPhone.Build.0 = Release|Any CPU
		{57C46102-7315-408E-8F98-E789C4BFE54E}.Release|iPhoneSimulator.ActiveCfg = Release|Any CPU
		{57C46102-7315-408E-8F98-E789C4BFE54E}.Release|iPhoneSimulator.Build.0 = Release|Any CPU
		{27FC8BC5-8F27-4152-8CEE-CE90FB26BB96}.Debug|Any CPU.ActiveCfg = Debug|Any CPU
		{27FC8BC5-8F27-4152-8CEE-CE90FB26BB96}.Debug|Any CPU.Build.0 = Debug|Any CPU
		{27FC8BC5-8F27-4152-8CEE-CE90FB26BB96}.Debug|Any CPU.Deploy.0 = Debug|Any CPU
		{27FC8BC5-8F27-4152-8CEE-CE90FB26BB96}.Debug|iPhone.ActiveCfg = Debug|Any CPU
		{27FC8BC5-8F27-4152-8CEE-CE90FB26BB96}.Debug|iPhone.Build.0 = Debug|Any CPU
		{27FC8BC5-8F27-4152-8CEE-CE90FB26BB96}.Debug|iPhoneSimulator.ActiveCfg = Debug|Any CPU
		{27FC8BC5-8F27-4152-8CEE-CE90FB26BB96}.Debug|iPhoneSimulator.Build.0 = Debug|Any CPU
		{27FC8BC5-8F27-4152-8CEE-CE90FB26BB96}.Debug|iPhoneSimulator.Deploy.0 = Debug|Any CPU
		{27FC8BC5-8F27-4152-8CEE-CE90FB26BB96}.Release|Any CPU.ActiveCfg = Release|Any CPU
		{27FC8BC5-8F27-4152-8CEE-CE90FB26BB96}.Release|Any CPU.Build.0 = Release|Any CPU
		{27FC8BC5-8F27-4152-8CEE-CE90FB26BB96}.Release|iPhone.ActiveCfg = Release|Any CPU
		{27FC8BC5-8F27-4152-8CEE-CE90FB26BB96}.Release|iPhone.Build.0 = Release|Any CPU
		{27FC8BC5-8F27-4152-8CEE-CE90FB26BB96}.Release|iPhoneSimulator.ActiveCfg = Release|Any CPU
		{27FC8BC5-8F27-4152-8CEE-CE90FB26BB96}.Release|iPhoneSimulator.Build.0 = Release|Any CPU
		{FF3B4613-DD05-47A6-AFC0-D88772F5C834}.Debug|Any CPU.ActiveCfg = Debug|iPhone
		{FF3B4613-DD05-47A6-AFC0-D88772F5C834}.Debug|iPhone.ActiveCfg = Debug|iPhone
		{FF3B4613-DD05-47A6-AFC0-D88772F5C834}.Debug|iPhone.Build.0 = Debug|iPhone
		{FF3B4613-DD05-47A6-AFC0-D88772F5C834}.Debug|iPhoneSimulator.ActiveCfg = Debug|iPhoneSimulator
		{FF3B4613-DD05-47A6-AFC0-D88772F5C834}.Debug|iPhoneSimulator.Build.0 = Debug|iPhoneSimulator
		{FF3B4613-DD05-47A6-AFC0-D88772F5C834}.Release|Any CPU.ActiveCfg = Release|iPhone
		{FF3B4613-DD05-47A6-AFC0-D88772F5C834}.Release|iPhone.ActiveCfg = Release|iPhone
		{FF3B4613-DD05-47A6-AFC0-D88772F5C834}.Release|iPhone.Build.0 = Release|iPhone
		{FF3B4613-DD05-47A6-AFC0-D88772F5C834}.Release|iPhoneSimulator.ActiveCfg = Release|iPhoneSimulator
		{FF3B4613-DD05-47A6-AFC0-D88772F5C834}.Release|iPhoneSimulator.Build.0 = Release|iPhoneSimulator
		{93773995-A197-4C92-8420-4B82A6844759}.Debug|Any CPU.ActiveCfg = Debug|Any CPU
		{93773995-A197-4C92-8420-4B82A6844759}.Debug|Any CPU.Build.0 = Debug|Any CPU
		{93773995-A197-4C92-8420-4B82A6844759}.Debug|iPhone.ActiveCfg = Debug|Any CPU
		{93773995-A197-4C92-8420-4B82A6844759}.Debug|iPhone.Build.0 = Debug|Any CPU
		{93773995-A197-4C92-8420-4B82A6844759}.Debug|iPhoneSimulator.ActiveCfg = Debug|Any CPU
		{93773995-A197-4C92-8420-4B82A6844759}.Debug|iPhoneSimulator.Build.0 = Debug|Any CPU
		{93773995-A197-4C92-8420-4B82A6844759}.Release|Any CPU.ActiveCfg = Release|Any CPU
		{93773995-A197-4C92-8420-4B82A6844759}.Release|Any CPU.Build.0 = Release|Any CPU
		{93773995-A197-4C92-8420-4B82A6844759}.Release|iPhone.ActiveCfg = Release|Any CPU
		{93773995-A197-4C92-8420-4B82A6844759}.Release|iPhone.Build.0 = Release|Any CPU
		{93773995-A197-4C92-8420-4B82A6844759}.Release|iPhoneSimulator.ActiveCfg = Release|Any CPU
		{93773995-A197-4C92-8420-4B82A6844759}.Release|iPhoneSimulator.Build.0 = Release|Any CPU
		{088645A7-12B0-4BFA-B90C-1B2141CD8613}.Debug|Any CPU.ActiveCfg = Debug|Any CPU
		{088645A7-12B0-4BFA-B90C-1B2141CD8613}.Debug|Any CPU.Build.0 = Debug|Any CPU
		{088645A7-12B0-4BFA-B90C-1B2141CD8613}.Debug|Any CPU.Deploy.0 = Debug|Any CPU
		{088645A7-12B0-4BFA-B90C-1B2141CD8613}.Debug|iPhone.ActiveCfg = Debug|Any CPU
		{088645A7-12B0-4BFA-B90C-1B2141CD8613}.Debug|iPhone.Build.0 = Debug|Any CPU
		{088645A7-12B0-4BFA-B90C-1B2141CD8613}.Debug|iPhone.Deploy.0 = Debug|Any CPU
		{088645A7-12B0-4BFA-B90C-1B2141CD8613}.Debug|iPhoneSimulator.ActiveCfg = Debug|Any CPU
		{088645A7-12B0-4BFA-B90C-1B2141CD8613}.Debug|iPhoneSimulator.Build.0 = Debug|Any CPU
		{088645A7-12B0-4BFA-B90C-1B2141CD8613}.Debug|iPhoneSimulator.Deploy.0 = Debug|Any CPU
		{088645A7-12B0-4BFA-B90C-1B2141CD8613}.Release|Any CPU.ActiveCfg = Release|Any CPU
		{088645A7-12B0-4BFA-B90C-1B2141CD8613}.Release|Any CPU.Build.0 = Release|Any CPU
		{088645A7-12B0-4BFA-B90C-1B2141CD8613}.Release|Any CPU.Deploy.0 = Release|Any CPU
		{088645A7-12B0-4BFA-B90C-1B2141CD8613}.Release|iPhone.ActiveCfg = Release|Any CPU
		{088645A7-12B0-4BFA-B90C-1B2141CD8613}.Release|iPhone.Build.0 = Release|Any CPU
		{088645A7-12B0-4BFA-B90C-1B2141CD8613}.Release|iPhone.Deploy.0 = Release|Any CPU
		{088645A7-12B0-4BFA-B90C-1B2141CD8613}.Release|iPhoneSimulator.ActiveCfg = Release|Any CPU
		{088645A7-12B0-4BFA-B90C-1B2141CD8613}.Release|iPhoneSimulator.Build.0 = Release|Any CPU
		{088645A7-12B0-4BFA-B90C-1B2141CD8613}.Release|iPhoneSimulator.Deploy.0 = Release|Any CPU
		{2516FD28-9437-4CC0-B479-7B3553285AE9}.Debug|Any CPU.ActiveCfg = Debug|iPhone
		{2516FD28-9437-4CC0-B479-7B3553285AE9}.Debug|iPhone.ActiveCfg = Debug|iPhone
		{2516FD28-9437-4CC0-B479-7B3553285AE9}.Debug|iPhone.Build.0 = Debug|iPhone
		{2516FD28-9437-4CC0-B479-7B3553285AE9}.Debug|iPhoneSimulator.ActiveCfg = Debug|iPhoneSimulator
		{2516FD28-9437-4CC0-B479-7B3553285AE9}.Debug|iPhoneSimulator.Build.0 = Debug|iPhoneSimulator
		{2516FD28-9437-4CC0-B479-7B3553285AE9}.Release|Any CPU.ActiveCfg = Release|iPhone
		{2516FD28-9437-4CC0-B479-7B3553285AE9}.Release|iPhone.ActiveCfg = Release|iPhone
		{2516FD28-9437-4CC0-B479-7B3553285AE9}.Release|iPhone.Build.0 = Release|iPhone
		{2516FD28-9437-4CC0-B479-7B3553285AE9}.Release|iPhoneSimulator.ActiveCfg = Release|iPhoneSimulator
		{2516FD28-9437-4CC0-B479-7B3553285AE9}.Release|iPhoneSimulator.Build.0 = Release|iPhoneSimulator
		{9D74076F-2C2E-42DE-BD47-804DA5A903AA}.Debug|Any CPU.ActiveCfg = Debug|Any CPU
		{9D74076F-2C2E-42DE-BD47-804DA5A903AA}.Debug|Any CPU.Build.0 = Debug|Any CPU
		{9D74076F-2C2E-42DE-BD47-804DA5A903AA}.Debug|iPhone.ActiveCfg = Debug|Any CPU
		{9D74076F-2C2E-42DE-BD47-804DA5A903AA}.Debug|iPhone.Build.0 = Debug|Any CPU
		{9D74076F-2C2E-42DE-BD47-804DA5A903AA}.Debug|iPhoneSimulator.ActiveCfg = Debug|Any CPU
		{9D74076F-2C2E-42DE-BD47-804DA5A903AA}.Debug|iPhoneSimulator.Build.0 = Debug|Any CPU
		{9D74076F-2C2E-42DE-BD47-804DA5A903AA}.Release|Any CPU.ActiveCfg = Release|Any CPU
		{9D74076F-2C2E-42DE-BD47-804DA5A903AA}.Release|Any CPU.Build.0 = Release|Any CPU
		{9D74076F-2C2E-42DE-BD47-804DA5A903AA}.Release|iPhone.ActiveCfg = Release|Any CPU
		{9D74076F-2C2E-42DE-BD47-804DA5A903AA}.Release|iPhone.Build.0 = Release|Any CPU
		{9D74076F-2C2E-42DE-BD47-804DA5A903AA}.Release|iPhoneSimulator.ActiveCfg = Release|Any CPU
		{9D74076F-2C2E-42DE-BD47-804DA5A903AA}.Release|iPhoneSimulator.Build.0 = Release|Any CPU
		{DD769E84-FC54-49CE-AF52-7A1DEE4816C2}.Debug|Any CPU.ActiveCfg = Debug|Any CPU
		{DD769E84-FC54-49CE-AF52-7A1DEE4816C2}.Debug|Any CPU.Build.0 = Debug|Any CPU
		{DD769E84-FC54-49CE-AF52-7A1DEE4816C2}.Debug|iPhone.ActiveCfg = Debug|Any CPU
		{DD769E84-FC54-49CE-AF52-7A1DEE4816C2}.Debug|iPhone.Build.0 = Debug|Any CPU
		{DD769E84-FC54-49CE-AF52-7A1DEE4816C2}.Debug|iPhoneSimulator.ActiveCfg = Debug|Any CPU
		{DD769E84-FC54-49CE-AF52-7A1DEE4816C2}.Debug|iPhoneSimulator.Build.0 = Debug|Any CPU
		{DD769E84-FC54-49CE-AF52-7A1DEE4816C2}.Release|Any CPU.ActiveCfg = Release|Any CPU
		{DD769E84-FC54-49CE-AF52-7A1DEE4816C2}.Release|Any CPU.Build.0 = Release|Any CPU
		{DD769E84-FC54-49CE-AF52-7A1DEE4816C2}.Release|iPhone.ActiveCfg = Release|Any CPU
		{DD769E84-FC54-49CE-AF52-7A1DEE4816C2}.Release|iPhone.Build.0 = Release|Any CPU
		{DD769E84-FC54-49CE-AF52-7A1DEE4816C2}.Release|iPhoneSimulator.ActiveCfg = Release|Any CPU
		{DD769E84-FC54-49CE-AF52-7A1DEE4816C2}.Release|iPhoneSimulator.Build.0 = Release|Any CPU
	EndGlobalSection
	GlobalSection(SolutionProperties) = preSolution
		HideSolutionNode = FALSE
	EndGlobalSection
	GlobalSection(NestedProjects) = preSolution
		{27FC8BC5-8F27-4152-8CEE-CE90FB26BB96} = {98E55F63-2BE3-4942-BBAF-47163814C9CD}
		{FF3B4613-DD05-47A6-AFC0-D88772F5C834} = {98E55F63-2BE3-4942-BBAF-47163814C9CD}
		{93773995-A197-4C92-8420-4B82A6844759} = {98E55F63-2BE3-4942-BBAF-47163814C9CD}
		{2EFF75A3-5ADF-419E-A993-6896B79C1276} = {98E55F63-2BE3-4942-BBAF-47163814C9CD}
		{088645A7-12B0-4BFA-B90C-1B2141CD8613} = {2EFF75A3-5ADF-419E-A993-6896B79C1276}
		{2516FD28-9437-4CC0-B479-7B3553285AE9} = {2EFF75A3-5ADF-419E-A993-6896B79C1276}
		{9D74076F-2C2E-42DE-BD47-804DA5A903AA} = {2EFF75A3-5ADF-419E-A993-6896B79C1276}
		{DD769E84-FC54-49CE-AF52-7A1DEE4816C2} = {98E55F63-2BE3-4942-BBAF-47163814C9CD}
	EndGlobalSection
	GlobalSection(ExtensibilityGlobals) = postSolution
		SolutionGuid = {4DC11FF5-75B7-444B-806C-D31BA894DF67}
	EndGlobalSection
EndGlobal
